hash: d68e0a2f0123e2243c416987db37959f25cdf9a136f39652da1645b8a29b8764
updated: 2018-08-27T09:29:47.80339545-07:00
imports:
- name: cloud.google.com/go
  version: b1954287c11b66ec6972819af95ccd7af1b3cdb1
  subpackages:
  - bigquery
  - bigtable
  - bigtable/internal/gax
  - bigtable/internal/option
  - compute/metadata
  - iam
  - internal
  - internal/optional
  - internal/trace
  - internal/version
  - longrunning
  - longrunning/autogen
  - pubsub
  - pubsub/apiv1
  - pubsub/internal/distribution
  - spanner/...
  - spanner/admin/instance/apiv1
  - storage
- name: code.cloudfoundry.org/lager
  version: b60e04e119450552243196105bae0d42179ee0ca
- name: contrib.go.opencensus.io/exporter/stackdriver
  version: 2f26a5d1900c27d75297423079bda98fedb6712b
  subpackages:
  - propagation
- name: github.com/fsnotify/fsnotify
  version: c2828203cd70a50dcccfb2761f8b1f8ceef9a8e9
- name: github.com/go-sql-driver/mysql
  version: a0583e0143b1624142adab07e0e97fe106d99561
- name: github.com/golang/protobuf
  version: b27b920f9e71b439b873b17bf99f56467623814a
  subpackages:
  - proto
  - protoc-gen-go/descriptor
  - ptypes
  - ptypes/any
  - ptypes/duration
  - ptypes/empty
  - ptypes/timestamp
  - ptypes/wrappers
- name: github.com/googleapis/gax-go
  version: 1ef592c90f479e3ab30c6c2312e20e13881b7ea6
- name: github.com/gorilla/context
  version: 08b5f424b9271eedf6f9f0ce86cb9396ed337a42
- name: github.com/gorilla/mux
  version: 0eeaf8392f5b04950925b8a69fe70f110fa7cbfc
- name: github.com/hashicorp/hcl
  version: 8cb6e5b959231cc1119e43259c4a608f9c51a241
  subpackages:
  - hcl/ast
  - hcl/parser
  - hcl/printer
  - hcl/scanner
  - hcl/strconv
  - hcl/token
  - json/parser
  - json/scanner
  - json/token
- name: github.com/inconshreveable/mousetrap
  version: 76626ae9c91c4f2a10f34cad8ce83ea42c93bb75
- name: github.com/jinzhu/gorm
  version: 6ed508ec6a4ecb3531899a69cbc746ccf65a4166
  subpackages:
  - dialects/sqlite
- name: github.com/jinzhu/inflection
  version: 04140366298a54a039076d798123ffa108fff46c
- name: github.com/lib/pq
  version: 4ded0e9383f75c197b3a2aaa6d590ac52df6fd79
  subpackages:
  - oid
- name: github.com/magiconair/properties
  version: c2353362d570a7bfa228149c62842019201cfb71
- name: github.com/mattn/go-sqlite3
  version: 3198c7714d5f8be941dd06c30208e623aa5abf90
- name: github.com/mitchellh/mapstructure
  version: fa473d140ef3c6adf42d6b391fe76707f1f243c8
- name: github.com/pelletier/go-toml
  version: c2dbbc24a97911339e01bda0b8cabdbd8f13b602
- name: github.com/pivotal-cf/brokerapi
  version: d1fcddd951a6776bc01659143dda6aca057e98b7
  subpackages:
  - auth
- name: github.com/pivotal-golang/lager
  version: b60e04e119450552243196105bae0d42179ee0ca
- name: github.com/spf13/afero
  version: 787d034dfe70e44075ccc060d346146ef53270ad
  subpackages:
  - mem
- name: github.com/spf13/cast
  version: 8965335b8c7107321228e3e3702cab9832751bac
- name: github.com/spf13/cobra
  version: ef82de70bb3f60c65fb8eebacbb2d122ef517385
- name: github.com/spf13/jwalterweatherman
  version: 14d3d4c518341bea657dd8a226f5121c0ff8c9f2
- name: github.com/spf13/pflag
  version: d929dcbb10863323c436af3cf76cb16a6dfc9b29
- name: github.com/spf13/viper
  version: 907c19d40d9a6c9bb55f040ff4ae45271a4754b9
- name: go.opencensus.io
  version: 91168ff30a428d6a67d5f5ad2526514ae93c1615
  subpackages:
  - internal
  - internal/tagencoding
  - plugin/ocgrpc
  - plugin/ochttp
  - plugin/ochttp/propagation/b3
  - stats
  - stats/internal
  - stats/view
  - tag
  - trace
  - trace/internal
  - trace/propagation
- name: golang.org/x/net
  version: 8a410e7b638dca158bf9e766925842f6651ff828
  subpackages:
  - context
  - context/ctxhttp
  - http/httpguts
  - http2
  - http2/hpack
  - idna
  - internal/timeseries
  - trace
- name: golang.org/x/oauth2
  version: d2e6202438beef2727060aa7cabdd924d92ebfd9
  subpackages:
  - google
  - internal
  - jws
  - jwt
- name: golang.org/x/sync
  version: 1d60e4601c6fd243af51cc01ddf169918a5407ca
  subpackages:
  - errgroup
  - semaphore
- name: golang.org/x/sys
  version: 4910a1d54f876d7b22162a85f4d066d3ee649450
  subpackages:
  - unix
- name: golang.org/x/text
  version: 6e3c4e7365ddcc329f090f96e4348398f6310088
  subpackages:
  - secure/bidirule
  - transform
  - unicode/bidi
  - unicode/norm
- name: google.golang.org/api
  version: 7954115fcf34e0dcda6981c9ed8a81a293f0489b
  subpackages:
  - bigquery/v2
  - cloudresourcemanager/v1
  - gensupport
  - googleapi
  - googleapi/internal/uritemplates
  - googleapi/transport
  - iam/v1
  - internal
  - iterator
  - option
  - sqladmin/v1beta4
  - storage/v1
  - support/bundler
  - transport
  - transport/grpc
  - transport/http
- name: google.golang.org/appengine
  version: 4216e58b9158e5f1c906f1aca75162a46a2ec88a
  subpackages:
  - internal
  - internal/app_identity
  - internal/base
  - internal/datastore
  - internal/log
  - internal/modules
  - internal/remote_api
  - internal/socket
  - internal/urlfetch
  - socket
  - urlfetch
- name: google.golang.org/genproto
  version: c66870c02cf823ceb633bcd05be3c7cda29976f4
  subpackages:
  - googleapis/api/annotations
  - googleapis/bigtable/admin/v2
  - googleapis/bigtable/v2
  - googleapis/iam/v1
  - googleapis/longrunning
  - googleapis/pubsub/v1
  - googleapis/rpc/code
  - googleapis/rpc/status
  - googleapis/spanner/admin/instance/v1
  - protobuf/field_mask
- name: google.golang.org/grpc
  version: e00d24941bcee35dd163f4377d5371349f14baaf
  subpackages:
  - balancer
  - balancer/base
  - balancer/roundrobin
  - codes
  - connectivity
  - credentials
  - credentials/oauth
  - encoding
  - encoding/proto
  - grpclog
  - internal
  - internal/backoff
  - internal/channelz
  - internal/envconfig
  - internal/grpcrand
  - internal/transport
  - keepalive
  - metadata
  - naming
  - peer
  - resolver
  - resolver/dns
  - resolver/passthrough
  - stats
  - status
  - tap
- name: gopkg.in/validator.v2
  version: 135c24b11c19e52befcae2ec3fca5d9b78c4e98e
- name: gopkg.in/yaml.v2
  version: 5420a8b6744d3b0345ab293f6fcba19c978f1183
testImports:
- name: github.com/onsi/ginkgo
  version: 462326b1628e124b23f42e87a8f2750e3c4e2d24
  subpackages:
  - config
  - internal/codelocation
  - internal/containernode
  - internal/failer
  - internal/leafnodes
  - internal/remote
  - internal/spec
  - internal/specrunner
  - internal/suite
  - internal/testingtproxy
  - internal/writer
  - reporters
  - reporters/stenographer
  - types
- name: github.com/onsi/gomega
  version: a78ae492d53aad5a7a232d0d0462c14c400e3ee7
  subpackages:
  - format
  - internal/assertion
  - internal/asyncassertion
  - internal/testingtsupport
  - matchers
  - matchers/support/goraph/bipartitegraph
  - matchers/support/goraph/edge
  - matchers/support/goraph/node
  - matchers/support/goraph/util
  - types
