hash: 65bc06e5fe15156aa97a1826d7fc56f6fa1391b72ae0e5bc9a5687191ab00ddc
updated: 2017-03-17T08:40:59.685549387-07:00
imports:
- name: cloud.google.com/go
  version: dbe4740b523eecbc19b2050f0691772c312aa07b
  subpackages:
  - bigquery
  - bigtable
  - bigtable/internal/gax
  - bigtable/internal/option
  - compute/metadata
  - iam
  - internal
  - internal/optional
  - internal/version
  - longrunning
  - pubsub
  - pubsub/apiv1
  - spanner/...
  - spanner/admin/instance/apiv1
  - storage
- name: code.cloudfoundry.org/lager
  version: de8e9c6c6e474e5e3668aea1a9817bdb4ceeceb0
- name: github.com/go-sql-driver/mysql
  version: a0583e0143b1624142adab07e0e97fe106d99561
- name: github.com/golang/protobuf
  version: c9c7427a2a70d2eb3bafa0ab2dc163e45f143317
  subpackages:
  - proto
  - protoc-gen-go/descriptor
  - ptypes
  - ptypes/any
  - ptypes/duration
  - ptypes/empty
  - ptypes/timestamp
  - ptypes/wrappers
- name: github.com/googleapis/gax-go
  version: 8c5154c0fe5bf18cf649634d4c6df50897a32751
- name: github.com/gorilla/context
  version: 08b5f424b9271eedf6f9f0ce86cb9396ed337a42
- name: github.com/gorilla/mux
  version: 0eeaf8392f5b04950925b8a69fe70f110fa7cbfc
- name: github.com/jinzhu/gorm
  version: 5174cc5c242a728b435ea2be8a2f7f998e15429b
  subpackages:
  - dialects/sqlite
- name: github.com/jinzhu/inflection
  version: 1c35d901db3da928c72a72d8458480cc9ade058f
- name: github.com/leonelquinteros/gorand
  version: aac5da62f38c2d2b492bee83183ca80dd209b875
- name: github.com/mattn/go-sqlite3
  version: eac1dfa2a61ebccaa117538a5bb12044f6700cd0
- name: github.com/pivotal-golang/lager
  version: de8e9c6c6e474e5e3668aea1a9817bdb4ceeceb0
- name: golang.org/x/net
  version: a6577fac2d73be281a500b310739095313165611
  subpackages:
  - context
  - context/ctxhttp
  - http2
  - http2/hpack
  - idna
  - internal/timeseries
  - lex/httplex
  - trace
- name: golang.org/x/oauth2
  version: 30fcca6531eb4bb278493c9fb299295b3b145934
  subpackages:
  - google
  - internal
  - jws
  - jwt
- name: google.golang.org/api
  version: 650535c7d6201e8304c92f38c922a9a3a36c6877
  subpackages:
  - bigquery/v2
  - cloudresourcemanager/v1
  - gensupport
  - googleapi
  - googleapi/internal/uritemplates
  - googleapi/transport
  - iam/v1
  - internal
  - iterator
  - option
  - sqladmin/v1beta4
  - storage/v1
  - support/bundler
  - transport
- name: google.golang.org/appengine
  version: b79c28f0197795b4050bfcd7c4c2209136c594b1
  subpackages:
  - internal
  - internal/app_identity
  - internal/base
  - internal/datastore
  - internal/log
  - internal/modules
  - internal/remote_api
  - internal/socket
  - internal/urlfetch
  - socket
  - urlfetch
- name: google.golang.org/genproto
  version: de9f5e90fe9b278809363f08c2072d2f2a429de7
  subpackages:
  - googleapis/api
  - googleapis/api/annotations
  - googleapis/api/label
  - googleapis/api/metric
  - googleapis/api/monitoredres
  - googleapis/api/serviceconfig
  - googleapis/bigtable/admin/v2
  - googleapis/bigtable/v2
  - googleapis/iam/v1
  - googleapis/longrunning
  - googleapis/pubsub/v1
  - googleapis/rpc/status
  - googleapis/spanner/admin/instance/v1
  - protobuf/api
  - protobuf/field_mask
  - protobuf/ptype
  - protobuf/source_context
- name: google.golang.org/grpc
  version: cdee119ee21e61eef7093a41ba148fa83585e143
  subpackages:
  - codes
  - credentials
  - credentials/oauth
  - grpclog
  - internal
  - keepalive
  - metadata
  - naming
  - peer
  - stats
  - tap
  - transport
testImports:
- name: github.com/onsi/ginkgo
  version: 462326b1628e124b23f42e87a8f2750e3c4e2d24
  subpackages:
  - config
  - internal/codelocation
  - internal/containernode
  - internal/failer
  - internal/leafnodes
  - internal/remote
  - internal/spec
  - internal/specrunner
  - internal/suite
  - internal/testingtproxy
  - internal/writer
  - reporters
  - reporters/stenographer
  - types
- name: github.com/onsi/gomega
  version: a78ae492d53aad5a7a232d0d0462c14c400e3ee7
  subpackages:
  - format
  - internal/assertion
  - internal/asyncassertion
  - internal/testingtsupport
  - matchers
  - matchers/support/goraph/bipartitegraph
  - matchers/support/goraph/edge
  - matchers/support/goraph/node
  - matchers/support/goraph/util
  - types
