# This file is autogenerated, do not edit; changes may be undone by the next 'dep ensure'.


[[projects]]
  digest = "1:9a08aafc2d6121ada96f40ec8274b2ea93893b49e6b66ec4c45dacc0aa0d73e6"
  name = "cloud.google.com/go"
  packages = [
    "bigtable",
    "bigtable/internal/gax",
    "bigtable/internal/option",
    "compute/metadata",
    "iam",
    "internal",
    "internal/optional",
    "internal/trace",
    "internal/version",
    "longrunning",
    "longrunning/autogen",
    "pubsub",
    "pubsub/apiv1",
    "pubsub/internal/distribution",
    "spanner/admin/instance/apiv1",
    "storage",
  ]
  pruneopts = ""
  revision = "b1954287c11b66ec6972819af95ccd7af1b3cdb1"

[[projects]]
  branch = "master"
  digest = "1:f36feb7bd3cdc782f5b83e85e512a21bdd4cff9c72aee093549d4ab3a97a5473"
  name = "code.cloudfoundry.org/lager"
  packages = ["."]
  pruneopts = ""
  revision = "b60e04e119450552243196105bae0d42179ee0ca"

[[projects]]
  branch = "master"
  digest = "1:2fc0dc541a0077a8440da3dd38c9e12089c65721d6635fb0effcf969c3e83539"
  name = "contrib.go.opencensus.io/exporter/stackdriver"
  packages = ["propagation"]
  pruneopts = ""
  revision = "2f26a5d1900c27d75297423079bda98fedb6712b"

[[projects]]
  digest = "1:eb53021a8aa3f599d29c7102e65026242bdedce998a54837dc67f14b6a97c5fd"
  name = "github.com/fsnotify/fsnotify"
  packages = ["."]
  pruneopts = ""
  revision = "c2828203cd70a50dcccfb2761f8b1f8ceef9a8e9"
  version = "v1.4.7"

[[projects]]
  digest = "1:24f8932912fd9331367d38715bb74be889dc2f94d401109c3aa3db8b3aa246c5"
  name = "github.com/go-sql-driver/mysql"
  packages = ["."]
  pruneopts = ""
  revision = "a0583e0143b1624142adab07e0e97fe106d99561"
  version = "v1.3.0"

[[projects]]
  branch = "master"
  digest = "1:d86b52015ddedd777c8c7283d552baf57b2b50a5f6605331904aa1ad6375a750"
  name = "github.com/golang/protobuf"
  packages = [
    "proto",
    "protoc-gen-go/descriptor",
    "ptypes",
    "ptypes/any",
    "ptypes/duration",
    "ptypes/empty",
    "ptypes/timestamp",
    "ptypes/wrappers",
  ]
  pruneopts = ""
  revision = "b27b920f9e71b439b873b17bf99f56467623814a"

[[projects]]
  branch = "master"
  digest = "1:119f422f07d6c2ad941fd622410d3ea49719bb3df6d88ad3f614c5807b0d67bb"
  name = "github.com/googleapis/gax-go"
  packages = ["."]
  pruneopts = ""
  revision = "1ef592c90f479e3ab30c6c2312e20e13881b7ea6"

[[projects]]
  digest = "1:dbbeb8ddb0be949954c8157ee8439c2adfd8dc1c9510eb44a6e58cb68c3dce28"
  name = "github.com/gorilla/context"
  packages = ["."]
  pruneopts = ""
  revision = "08b5f424b9271eedf6f9f0ce86cb9396ed337a42"
  version = "v1.1.1"

[[projects]]
  digest = "1:c2c8666b4836c81a1d247bdf21c6a6fc1ab586538ab56f74437c2e0df5c375e1"
  name = "github.com/gorilla/mux"
  packages = ["."]
  pruneopts = ""
  revision = "e3702bed27f0d39777b0b37b664b6280e8ef8fbf"
  version = "v1.6.2"

[[projects]]
  digest = "1:d14365c51dd1d34d5c79833ec91413bfbb166be978724f15701e17080dc06dec"
  name = "github.com/hashicorp/hcl"
  packages = [
    ".",
    "hcl/ast",
    "hcl/parser",
    "hcl/printer",
    "hcl/scanner",
    "hcl/strconv",
    "hcl/token",
    "json/parser",
    "json/scanner",
    "json/token",
  ]
  pruneopts = ""
  revision = "8cb6e5b959231cc1119e43259c4a608f9c51a241"
  version = "v1.0.0"

[[projects]]
  digest = "1:870d441fe217b8e689d7949fef6e43efbc787e50f200cb1e70dbca9204a1d6be"
  name = "github.com/inconshreveable/mousetrap"
  packages = ["."]
  pruneopts = ""
  revision = "76626ae9c91c4f2a10f34cad8ce83ea42c93bb75"
  version = "v1.0"

[[projects]]
  digest = "1:d269638dbd514822446c3c818b6389c880058af79ec54d97731818b34fe66921"
  name = "github.com/jinzhu/gorm"
  packages = [
    ".",
    "dialects/sqlite",
  ]
  pruneopts = ""
  revision = "6ed508ec6a4ecb3531899a69cbc746ccf65a4166"
  version = "v1.9.1"

[[projects]]
  branch = "master"
  digest = "1:d9a7385b84d8187fd94e0357045c6fa1147ca94caa56fdd539336c7c102fc728"
  name = "github.com/jinzhu/inflection"
  packages = ["."]
  pruneopts = ""
  revision = "04140366298a54a039076d798123ffa108fff46c"

[[projects]]
  digest = "1:29145d7af4adafd72a79df5e41456ac9e232d5a28c1cd4dacf3ff008a217fc10"
  name = "github.com/lib/pq"
  packages = [
    ".",
    "oid",
  ]
  pruneopts = ""
  revision = "4ded0e9383f75c197b3a2aaa6d590ac52df6fd79"
  version = "v1.0.0"

[[projects]]
  digest = "1:961dc3b1d11f969370533390fdf203813162980c858e1dabe827b60940c909a5"
  name = "github.com/magiconair/properties"
  packages = ["."]
  pruneopts = ""
  revision = "c2353362d570a7bfa228149c62842019201cfb71"
  version = "v1.8.0"

[[projects]]
  branch = "master"
  digest = "1:6424c9f65045a9bb77c819053749b301412611e0802f997bdc264780ca500ba5"
  name = "github.com/mattn/go-sqlite3"
  packages = ["."]
  pruneopts = ""
  revision = "3198c7714d5f8be941dd06c30208e623aa5abf90"

[[projects]]
  digest = "1:5219b4506253ccc598f9340677162a42d6a78f340a4cc6df2d62db4d0593c4e9"
  name = "github.com/mitchellh/mapstructure"
  packages = ["."]
  pruneopts = ""
  revision = "fa473d140ef3c6adf42d6b391fe76707f1f243c8"
  version = "v1.0.0"

[[projects]]
  digest = "1:b04597acc9d90336e9409114e4e85f03cf253574a70c5c5c61450422e4911f10"
  name = "github.com/onsi/ginkgo"
  packages = [
    ".",
    "config",
    "internal/codelocation",
    "internal/containernode",
    "internal/failer",
    "internal/leafnodes",
    "internal/remote",
    "internal/spec",
    "internal/specrunner",
    "internal/suite",
    "internal/testingtproxy",
    "internal/writer",
    "reporters",
    "reporters/stenographer",
    "types",
  ]
  pruneopts = ""
  revision = "462326b1628e124b23f42e87a8f2750e3c4e2d24"
  version = "v1.2.0"

[[projects]]
  digest = "1:3d652dc0d00c12c705e619312d46388620a35c347f335c22d6cb2b4f0b8efd67"
  name = "github.com/onsi/gomega"
  packages = [
    ".",
    "format",
    "internal/assertion",
    "internal/asyncassertion",
    "internal/testingtsupport",
    "matchers",
    "matchers/support/goraph/bipartitegraph",
    "matchers/support/goraph/edge",
    "matchers/support/goraph/node",
    "matchers/support/goraph/util",
    "types",
  ]
  pruneopts = ""
  revision = "a78ae492d53aad5a7a232d0d0462c14c400e3ee7"
  version = "v1.0"

[[projects]]
  branch = "master"
  digest = "1:784bb32982de14d759f1895d033be02705e1d50ff8eabc580fbf95e03ea1b932"
  name = "github.com/pelletier/go-toml"
  packages = ["."]
  pruneopts = ""
  revision = "c2dbbc24a97911339e01bda0b8cabdbd8f13b602"

[[projects]]
  digest = "1:0ddb907d581670c05eb84f02ac1cb39e9666fbb7ca767a144d0d018aab80665c"
  name = "github.com/pivotal-cf/brokerapi"
  packages = [
    ".",
    "auth",
  ]
  pruneopts = ""
  revision = "d1fcddd951a6776bc01659143dda6aca057e98b7"
  version = "v2.0.4"

[[projects]]
  branch = "fix-large-token"
  digest = "1:9c03f2ce3a571c923fb7f1efb614dafe8e8a285e94d4fd26a27ce662f998fd89"
  name = "github.com/pivotal-golang/lager"
  packages = ["."]
  pruneopts = ""
  revision = "ce912f1f6e007e955045546229ae42ba5ac66fa7"

[[projects]]
  digest = "1:7ba2551c9a8de293bc575dbe2c0d862c52252d26f267f784547f059f512471c8"
  name = "github.com/spf13/afero"
  packages = [
    ".",
    "mem",
  ]
  pruneopts = ""
  revision = "787d034dfe70e44075ccc060d346146ef53270ad"
  version = "v1.1.1"

[[projects]]
  digest = "1:d0b38ba6da419a6d4380700218eeec8623841d44a856bb57369c172fbf692ab4"
  name = "github.com/spf13/cast"
  packages = ["."]
  pruneopts = ""
  revision = "8965335b8c7107321228e3e3702cab9832751bac"
  version = "v1.2.0"

[[projects]]
  digest = "1:a1403cc8a94b8d7956ee5e9694badef0e7b051af289caad1cf668331e3ffa4f6"
  name = "github.com/spf13/cobra"
  packages = ["."]
  pruneopts = ""
  revision = "ef82de70bb3f60c65fb8eebacbb2d122ef517385"
  version = "v0.0.3"

[[projects]]
  branch = "master"
  digest = "1:49d1a9ccb9502d5ce81e7ae622211c496612970bbbfd1c9e4065e6ec13c3d030"
  name = "github.com/spf13/jwalterweatherman"
  packages = ["."]
  pruneopts = ""
  revision = "14d3d4c518341bea657dd8a226f5121c0ff8c9f2"

[[projects]]
  branch = "master"
  digest = "1:88a9960a67f8352f662ca3806ffb5300b69f4eeca0481bbce854c0e782ecc818"
  name = "github.com/spf13/pflag"
  packages = ["."]
  pruneopts = ""
  revision = "d929dcbb10863323c436af3cf76cb16a6dfc9b29"

[[projects]]
  digest = "1:a3018c5a423d6cfacf5c6e736ad07637494728fb446390e3f34cacae9e80a529"
  name = "github.com/spf13/viper"
  packages = ["."]
  pruneopts = ""
  revision = "907c19d40d9a6c9bb55f040ff4ae45271a4754b9"
  version = "v1.1.0"

[[projects]]
  digest = "1:8778190ba18941ba540ea3a065bfe3e6c4126ab16aa2f8a240076ef51af9ab75"
  name = "go.opencensus.io"
  packages = [
    ".",
    "internal",
    "internal/tagencoding",
    "plugin/ocgrpc",
    "plugin/ochttp",
    "plugin/ochttp/propagation/b3",
    "stats",
    "stats/internal",
    "stats/view",
    "tag",
    "trace",
    "trace/internal",
    "trace/propagation",
  ]
  pruneopts = ""
  revision = "7b558058b7cc960667590e5413ef55157b06652e"
  version = "v0.15.0"

[[projects]]
  branch = "master"
  digest = "1:7dd0f1b8c8bd70dbae4d3ed3fbfaec224e2b27bcc0fc65882d6f1dba5b1f6e22"
  name = "golang.org/x/net"
  packages = [
    "context",
    "context/ctxhttp",
    "http/httpguts",
    "http2",
    "http2/hpack",
    "idna",
    "internal/timeseries",
    "trace",
  ]
  pruneopts = ""
  revision = "8a410e7b638dca158bf9e766925842f6651ff828"

[[projects]]
  branch = "master"
  digest = "1:b697592485cb412be4188c08ca0beed9aab87f36b86418e21acc4a3998f63734"
  name = "golang.org/x/oauth2"
  packages = [
    ".",
    "google",
    "internal",
    "jws",
    "jwt",
  ]
  pruneopts = ""
  revision = "d2e6202438beef2727060aa7cabdd924d92ebfd9"

[[projects]]
  branch = "master"
  digest = "1:b2ea75de0ccb2db2ac79356407f8a4cd8f798fe15d41b381c00abf3ae8e55ed1"
  name = "golang.org/x/sync"
  packages = [
    "errgroup",
    "semaphore",
  ]
  pruneopts = ""
  revision = "1d60e4601c6fd243af51cc01ddf169918a5407ca"

[[projects]]
  digest = "1:7a5f7a1206de6b90f67cb465e489eac3298e95afa7262813b542df4fab38952f"
  name = "golang.org/x/sys"
  packages = ["unix"]
  pruneopts = ""
  revision = "4910a1d54f876d7b22162a85f4d066d3ee649450"

[[projects]]
  branch = "master"
  digest = "1:81b646c1c57e4bc00252a9c6ae7bb5f121697275bf6bf1c59d358a81f9020a2d"
  name = "golang.org/x/text"
  packages = [
    "collate",
    "collate/build",
    "internal/colltab",
    "internal/gen",
    "internal/language",
    "internal/language/compact",
    "internal/tag",
    "internal/triegen",
    "internal/ucd",
    "language",
    "secure/bidirule",
    "transform",
    "unicode/bidi",
    "unicode/cldr",
    "unicode/norm",
    "unicode/rangetable",
  ]
  pruneopts = ""
  revision = "6e3c4e7365ddcc329f090f96e4348398f6310088"

[[projects]]
  digest = "1:a69cd78202f76a6ef1a60ef80be1be2afe987834e9dd2261bb7d85818f6dfabb"
  name = "google.golang.org/api"
  packages = [
    "bigquery/v2",
    "cloudresourcemanager/v1",
    "gensupport",
    "googleapi",
    "googleapi/internal/uritemplates",
    "googleapi/transport",
    "iam/v1",
    "internal",
    "iterator",
    "option",
    "sqladmin/v1beta4",
    "storage/v1",
    "support/bundler",
    "transport",
    "transport/grpc",
    "transport/http",
  ]
  pruneopts = ""
  revision = "7954115fcf34e0dcda6981c9ed8a81a293f0489b"

[[projects]]
  digest = "1:b21ab7509afb0c3b14946ab1b09f5c4adab75c6c67fd51d75e66a8177c78861c"
  name = "google.golang.org/appengine"
  packages = [
    ".",
    "internal",
    "internal/app_identity",
    "internal/base",
    "internal/datastore",
    "internal/log",
    "internal/modules",
    "internal/remote_api",
    "internal/socket",
    "internal/urlfetch",
    "socket",
    "urlfetch",
  ]
  pruneopts = ""
  revision = "4216e58b9158e5f1c906f1aca75162a46a2ec88a"

[[projects]]
  branch = "master"
  digest = "1:960f1fa3f12667fe595c15c12523718ed8b1b5428c83d70da54bb014da9a4c1a"
  name = "google.golang.org/genproto"
  packages = [
    "googleapis/api/annotations",
    "googleapis/bigtable/admin/v2",
    "googleapis/bigtable/v2",
    "googleapis/iam/v1",
    "googleapis/longrunning",
    "googleapis/pubsub/v1",
    "googleapis/rpc/code",
    "googleapis/rpc/status",
    "googleapis/spanner/admin/instance/v1",
    "protobuf/field_mask",
  ]
  pruneopts = ""
  revision = "c66870c02cf823ceb633bcd05be3c7cda29976f4"

[[projects]]
  digest = "1:ca75b3775a5d4e5d1fb48f57ef0865b4aaa8b3f00e6b52be68db991c4594e0a7"
  name = "google.golang.org/grpc"
  packages = [
    ".",
    "balancer",
    "balancer/base",
    "balancer/roundrobin",
    "codes",
    "connectivity",
    "credentials",
    "credentials/oauth",
    "encoding",
    "encoding/proto",
    "grpclog",
    "internal",
    "internal/backoff",
    "internal/channelz",
    "internal/envconfig",
    "internal/grpcrand",
    "internal/transport",
    "keepalive",
    "metadata",
    "naming",
    "peer",
    "resolver",
    "resolver/dns",
    "resolver/passthrough",
    "stats",
    "status",
    "tap",
  ]
  pruneopts = ""
  revision = "32fb0ac620c32ba40a4626ddf94d90d12cce3455"
  version = "v1.14.0"

[[projects]]
  digest = "1:f0620375dd1f6251d9973b5f2596228cc8042e887cd7f827e4220bc1ce8c30e2"
  name = "gopkg.in/yaml.v2"
  packages = ["."]
  pruneopts = ""
  revision = "5420a8b6744d3b0345ab293f6fcba19c978f1183"
  version = "v2.2.1"

[solve-meta]
  analyzer-name = "dep"
  analyzer-version = 1
  input-imports = [
    "cloud.google.com/go/bigtable",
    "cloud.google.com/go/pubsub",
    "cloud.google.com/go/spanner/admin/instance/apiv1",
    "cloud.google.com/go/storage",
    "code.cloudfoundry.org/lager",
    "github.com/go-sql-driver/mysql",
    "github.com/gorilla/mux",
    "github.com/jinzhu/gorm",
    "github.com/jinzhu/gorm/dialects/sqlite",
    "github.com/lib/pq",
    "github.com/onsi/ginkgo",
    "github.com/onsi/gomega",
    "github.com/pivotal-cf/brokerapi",
    "github.com/pivotal-golang/lager",
    "github.com/spf13/cobra",
    "github.com/spf13/viper",
    "golang.org/x/net/context",
    "golang.org/x/oauth2/google",
    "golang.org/x/oauth2/jwt",
    "google.golang.org/api/bigquery/v2",
    "google.golang.org/api/cloudresourcemanager/v1",
    "google.golang.org/api/googleapi",
    "google.golang.org/api/iam/v1",
    "google.golang.org/api/option",
    "google.golang.org/api/sqladmin/v1beta4",
    "google.golang.org/api/storage/v1",
    "google.golang.org/genproto/googleapis/spanner/admin/instance/v1",
    "gopkg.in/yaml.v2",
  ]
  solver-name = "gps-cdcl"
  solver-version = 1
